// !$*UTF8*$!
{
	archiveVersion = 1;
	classes = {
	};
	objectVersion = 52;
	objects = {

/* Begin PBXBuildFile section */
		1F38728925D06877000DCCD8 /* ARCViewerApp.swift in Sources */ = {isa = PBXBuildFile; fileRef = 1F38727625D06875000DCCD8 /* ARCViewerApp.swift */; };
		1F38728A25D06877000DCCD8 /* ARCViewerApp.swift in Sources */ = {isa = PBXBuildFile; fileRef = 1F38727625D06875000DCCD8 /* ARCViewerApp.swift */; };
		1F38728B25D06877000DCCD8 /* ContentView.swift in Sources */ = {isa = PBXBuildFile; fileRef = 1F38727725D06875000DCCD8 /* ContentView.swift */; };
		1F38728C25D06877000DCCD8 /* ContentView.swift in Sources */ = {isa = PBXBuildFile; fileRef = 1F38727725D06875000DCCD8 /* ContentView.swift */; };
		1F38728D25D06877000DCCD8 /* Assets.xcassets in Resources */ = {isa = PBXBuildFile; fileRef = 1F38727825D06876000DCCD8 /* Assets.xcassets */; };
		1F38728E25D06877000DCCD8 /* Assets.xcassets in Resources */ = {isa = PBXBuildFile; fileRef = 1F38727825D06876000DCCD8 /* Assets.xcassets */; };
		1F38729B25D070F2000DCCD8 /* ContentViewShaders.metal in Sources */ = {isa = PBXBuildFile; fileRef = 1F38729A25D070F2000DCCD8 /* ContentViewShaders.metal */; };
		1F38729C25D070F2000DCCD8 /* ContentViewShaders.metal in Sources */ = {isa = PBXBuildFile; fileRef = 1F38729A25D070F2000DCCD8 /* ContentViewShaders.metal */; };
		1F3872A025D072B8000DCCD8 /* ViewWrapper.swift in Sources */ = {isa = PBXBuildFile; fileRef = 1F38729F25D072B8000DCCD8 /* ViewWrapper.swift */; };
		1F3872A625D072C6000DCCD8 /* ViewWrapper.swift in Sources */ = {isa = PBXBuildFile; fileRef = 1F3872A425D072C6000DCCD8 /* ViewWrapper.swift */; };
		1F3872AE25D07476000DCCD8 /* MetalCameraView.swift in Sources */ = {isa = PBXBuildFile; fileRef = 1F3872AD25D07476000DCCD8 /* MetalCameraView.swift */; };
		1F3872AF25D07476000DCCD8 /* MetalCameraView.swift in Sources */ = {isa = PBXBuildFile; fileRef = 1F3872AD25D07476000DCCD8 /* MetalCameraView.swift */; };
		1F44CB1325D7845C00B92BA8 /* SwiftProtobuf in Frameworks */ = {isa = PBXBuildFile; productRef = 1F44CB1225D7845C00B92BA8 /* SwiftProtobuf */; };
		1F44CB1C25D78BD100B92BA8 /* ARC.pb.swift in Sources */ = {isa = PBXBuildFile; fileRef = 1F44CB1B25D78BD100B92BA8 /* ARC.pb.swift */; };
		1F44CB1D25D78BD100B92BA8 /* ARC.pb.swift in Sources */ = {isa = PBXBuildFile; fileRef = 1F44CB1B25D78BD100B92BA8 /* ARC.pb.swift */; };
		1F44CB2225D866B300B92BA8 /* FlatBuffers in Frameworks */ = {isa = PBXBuildFile; productRef = 1F44CB2125D866B300B92BA8 /* FlatBuffers */; };
		1F44CB2625D87B0E00B92BA8 /* ARC.flatbuffers.swift in Sources */ = {isa = PBXBuildFile; fileRef = 1F44CB2525D87B0E00B92BA8 /* ARC.flatbuffers.swift */; };
		1F44CB2725D87B0E00B92BA8 /* ARC.flatbuffers.swift in Sources */ = {isa = PBXBuildFile; fileRef = 1F44CB2525D87B0E00B92BA8 /* ARC.flatbuffers.swift */; };
/* End PBXBuildFile section */

/* Begin PBXFileReference section */
		1F38727625D06875000DCCD8 /* ARCViewerApp.swift */ = {isa = PBXFileReference; lastKnownFileType = sourcecode.swift; path = ARCViewerApp.swift; sourceTree = "<group>"; };
		1F38727725D06875000DCCD8 /* ContentView.swift */ = {isa = PBXFileReference; lastKnownFileType = sourcecode.swift; path = ContentView.swift; sourceTree = "<group>"; };
		1F38727825D06876000DCCD8 /* Assets.xcassets */ = {isa = PBXFileReference; lastKnownFileType = folder.assetcatalog; path = Assets.xcassets; sourceTree = "<group>"; };
		1F38727D25D06877000DCCD8 /* ARCViewer.app */ = {isa = PBXFileReference; explicitFileType = wrapper.application; includeInIndex = 0; path = ARCViewer.app; sourceTree = BUILT_PRODUCTS_DIR; };
		1F38728025D06877000DCCD8 /* Info.plist */ = {isa = PBXFileReference; lastKnownFileType = text.plist.xml; path = Info.plist; sourceTree = "<group>"; };
		1F38728525D06877000DCCD8 /* ARCViewer.app */ = {isa = PBXFileReference; explicitFileType = wrapper.application; includeInIndex = 0; path = ARCViewer.app; sourceTree = BUILT_PRODUCTS_DIR; };
		1F38728725D06877000DCCD8 /* Info.plist */ = {isa = PBXFileReference; lastKnownFileType = text.plist.xml; path = Info.plist; sourceTree = "<group>"; };
		1F38728825D06877000DCCD8 /* macOS.entitlements */ = {isa = PBXFileReference; lastKnownFileType = text.plist.entitlements; path = macOS.entitlements; sourceTree = "<group>"; };
		1F38729A25D070F2000DCCD8 /* ContentViewShaders.metal */ = {isa = PBXFileReference; lastKnownFileType = sourcecode.metal; path = ContentViewShaders.metal; sourceTree = "<group>"; };
		1F38729F25D072B8000DCCD8 /* ViewWrapper.swift */ = {isa = PBXFileReference; lastKnownFileType = sourcecode.swift; path = ViewWrapper.swift; sourceTree = "<group>"; };
		1F3872A425D072C6000DCCD8 /* ViewWrapper.swift */ = {isa = PBXFileReference; lastKnownFileType = sourcecode.swift; path = ViewWrapper.swift; sourceTree = "<group>"; };
		1F3872AD25D07476000DCCD8 /* MetalCameraView.swift */ = {isa = PBXFileReference; lastKnownFileType = sourcecode.swift; path = MetalCameraView.swift; sourceTree = "<group>"; };
		1F44CB1B25D78BD100B92BA8 /* ARC.pb.swift */ = {isa = PBXFileReference; fileEncoding = 4; lastKnownFileType = sourcecode.swift; path = ARC.pb.swift; sourceTree = "<group>"; };
		1F44CB2525D87B0E00B92BA8 /* ARC.flatbuffers.swift */ = {isa = PBXFileReference; fileEncoding = 4; lastKnownFileType = sourcecode.swift; path = ARC.flatbuffers.swift; sourceTree = "<group>"; };
/* End PBXFileReference section */

/* Begin PBXFrameworksBuildPhase section */
		1F38727A25D06877000DCCD8 /* Frameworks */ = {
			isa = PBXFrameworksBuildPhase;
			buildActionMask = 2147483647;
			files = (
			);
			runOnlyForDeploymentPostprocessing = 0;
		};
		1F38728225D06877000DCCD8 /* Frameworks */ = {
			isa = PBXFrameworksBuildPhase;
			buildActionMask = 2147483647;
			files = (
				1F44CB1325D7845C00B92BA8 /* SwiftProtobuf in Frameworks */,
				1F44CB2225D866B300B92BA8 /* FlatBuffers in Frameworks */,
			);
			runOnlyForDeploymentPostprocessing = 0;
		};
/* End PBXFrameworksBuildPhase section */

/* Begin PBXGroup section */
		1F38727025D06875000DCCD8 = {
			isa = PBXGroup;
			children = (
				1F38727525D06875000DCCD8 /* Shared */,
				1F38727F25D06877000DCCD8 /* iOS */,
				1F38728625D06877000DCCD8 /* macOS */,
				1F38727E25D06877000DCCD8 /* Products */,
			);
			sourceTree = "<group>";
		};
		1F38727525D06875000DCCD8 /* Shared */ = {
			isa = PBXGroup;
			children = (
				1F44CB2525D87B0E00B92BA8 /* ARC.flatbuffers.swift */,
				1F44CB1B25D78BD100B92BA8 /* ARC.pb.swift */,
				1F38727625D06875000DCCD8 /* ARCViewerApp.swift */,
				1F38727725D06875000DCCD8 /* ContentView.swift */,
				1F38727825D06876000DCCD8 /* Assets.xcassets */,
				1F38729A25D070F2000DCCD8 /* ContentViewShaders.metal */,
				1F3872AD25D07476000DCCD8 /* MetalCameraView.swift */,
			);
			path = Shared;
			sourceTree = "<group>";
		};
		1F38727E25D06877000DCCD8 /* Products */ = {
			isa = PBXGroup;
			children = (
				1F38727D25D06877000DCCD8 /* ARCViewer.app */,
				1F38728525D06877000DCCD8 /* ARCViewer.app */,
			);
			name = Products;
			sourceTree = "<group>";
		};
		1F38727F25D06877000DCCD8 /* iOS */ = {
			isa = PBXGroup;
			children = (
				1F38728025D06877000DCCD8 /* Info.plist */,
				1F38729F25D072B8000DCCD8 /* ViewWrapper.swift */,
			);
			path = iOS;
			sourceTree = "<group>";
		};
		1F38728625D06877000DCCD8 /* macOS */ = {
			isa = PBXGroup;
			children = (
				1F38728725D06877000DCCD8 /* Info.plist */,
				1F38728825D06877000DCCD8 /* macOS.entitlements */,
				1F3872A425D072C6000DCCD8 /* ViewWrapper.swift */,
			);
			path = macOS;
			sourceTree = "<group>";
		};
/* End PBXGroup section */

/* Begin PBXNativeTarget section */
		1F38727C25D06877000DCCD8 /* ARCViewer (iOS) */ = {
			isa = PBXNativeTarget;
			buildConfigurationList = 1F38729125D06877000DCCD8 /* Build configuration list for PBXNativeTarget "ARCViewer (iOS)" */;
			buildPhases = (
				1F38727925D06877000DCCD8 /* Sources */,
				1F38727A25D06877000DCCD8 /* Frameworks */,
				1F38727B25D06877000DCCD8 /* Resources */,
			);
			buildRules = (
			);
			dependencies = (
			);
			name = "ARCViewer (iOS)";
			productName = "ARCViewer (iOS)";
			productReference = 1F38727D25D06877000DCCD8 /* ARCViewer.app */;
			productType = "com.apple.product-type.application";
		};
		1F38728425D06877000DCCD8 /* ARCViewer (macOS) */ = {
			isa = PBXNativeTarget;
			buildConfigurationList = 1F38729425D06877000DCCD8 /* Build configuration list for PBXNativeTarget "ARCViewer (macOS)" */;
			buildPhases = (
				1F38728125D06877000DCCD8 /* Sources */,
				1F38728225D06877000DCCD8 /* Frameworks */,
				1F38728325D06877000DCCD8 /* Resources */,
			);
			buildRules = (
			);
			dependencies = (
			);
			name = "ARCViewer (macOS)";
			packageProductDependencies = (
				1F44CB1225D7845C00B92BA8 /* SwiftProtobuf */,
				1F44CB2125D866B300B92BA8 /* FlatBuffers */,
			);
			productName = "ARCViewer (macOS)";
			productReference = 1F38728525D06877000DCCD8 /* ARCViewer.app */;
			productType = "com.apple.product-type.application";
		};
/* End PBXNativeTarget section */

/* Begin PBXProject section */
		1F38727125D06875000DCCD8 /* Project object */ = {
			isa = PBXProject;
			attributes = {
				LastSwiftUpdateCheck = 1220;
				LastUpgradeCheck = 1220;
				TargetAttributes = {
					1F38727C25D06877000DCCD8 = {
						CreatedOnToolsVersion = 12.2;
					};
					1F38728425D06877000DCCD8 = {
						CreatedOnToolsVersion = 12.2;
					};
				};
			};
			buildConfigurationList = 1F38727425D06875000DCCD8 /* Build configuration list for PBXProject "ARCViewer" */;
			compatibilityVersion = "Xcode 9.3";
			developmentRegion = en;
			hasScannedForEncodings = 0;
			knownRegions = (
				en,
				Base,
			);
			mainGroup = 1F38727025D06875000DCCD8;
			packageReferences = (
				1F44CB1125D7845C00B92BA8 /* XCRemoteSwiftPackageReference "swift-protobuf" */,
				1F44CB2025D866B200B92BA8 /* XCRemoteSwiftPackageReference "flatbuffers-swift" */,
			);
			productRefGroup = 1F38727E25D06877000DCCD8 /* Products */;
			projectDirPath = "";
			projectRoot = "";
			targets = (
				1F38727C25D06877000DCCD8 /* ARCViewer (iOS) */,
				1F38728425D06877000DCCD8 /* ARCViewer (macOS) */,
			);
		};
/* End PBXProject section */

/* Begin PBXResourcesBuildPhase section */
		1F38727B25D06877000DCCD8 /* Resources */ = {
			isa = PBXResourcesBuildPhase;
			buildActionMask = 2147483647;
			files = (
				1F38728D25D06877000DCCD8 /* Assets.xcassets in Resources */,
			);
			runOnlyForDeploymentPostprocessing = 0;
		};
		1F38728325D06877000DCCD8 /* Resources */ = {
			isa = PBXResourcesBuildPhase;
			buildActionMask = 2147483647;
			files = (
				1F38728E25D06877000DCCD8 /* Assets.xcassets in Resources */,
			);
			runOnlyForDeploymentPostprocessing = 0;
		};
/* End PBXResourcesBuildPhase section */

/* Begin PBXSourcesBuildPhase section */
		1F38727925D06877000DCCD8 /* Sources */ = {
			isa = PBXSourcesBuildPhase;
			buildActionMask = 2147483647;
			files = (
				1F3872A025D072B8000DCCD8 /* ViewWrapper.swift in Sources */,
				1F38729B25D070F2000DCCD8 /* ContentViewShaders.metal in Sources */,
				1F44CB2625D87B0E00B92BA8 /* ARC.flatbuffers.swift in Sources */,
				1F3872AE25D07476000DCCD8 /* MetalCameraView.swift in Sources */,
				1F44CB1C25D78BD100B92BA8 /* ARC.pb.swift in Sources */,
				1F38728B25D06877000DCCD8 /* ContentView.swift in Sources */,
				1F38728925D06877000DCCD8 /* ARCViewerApp.swift in Sources */,
			);
			runOnlyForDeploymentPostprocessing = 0;
		};
		1F38728125D06877000DCCD8 /* Sources */ = {
			isa = PBXSourcesBuildPhase;
			buildActionMask = 2147483647;
			files = (
				1F38729C25D070F2000DCCD8 /* ContentViewShaders.metal in Sources */,
				1F3872A625D072C6000DCCD8 /* ViewWrapper.swift in Sources */,
				1F44CB2725D87B0E00B92BA8 /* ARC.flatbuffers.swift in Sources */,
				1F3872AF25D07476000DCCD8 /* MetalCameraView.swift in Sources */,
				1F44CB1D25D78BD100B92BA8 /* ARC.pb.swift in Sources */,
				1F38728C25D06877000DCCD8 /* ContentView.swift in Sources */,
				1F38728A25D06877000DCCD8 /* ARCViewerApp.swift in Sources */,
			);
			runOnlyForDeploymentPostprocessing = 0;
		};
/* End PBXSourcesBuildPhase section */

/* Begin XCBuildConfiguration section */
		1F38728F25D06877000DCCD8 /* Debug */ = {
			isa = XCBuildConfiguration;
			buildSettings = {
				ALWAYS_SEARCH_USER_PATHS = NO;
				CLANG_ANALYZER_NONNULL = YES;
				CLANG_ANALYZER_NUMBER_OBJECT_CONVERSION = YES_AGGRESSIVE;
				CLANG_CXX_LANGUAGE_STANDARD = "gnu++14";
				CLANG_CXX_LIBRARY = "libc++";
				CLANG_ENABLE_MODULES = YES;
				CLANG_ENABLE_OBJC_ARC = YES;
				CLANG_ENABLE_OBJC_WEAK = YES;
				CLANG_WARN_BLOCK_CAPTURE_AUTORELEASING = YES;
				CLANG_WARN_BOOL_CONVERSION = YES;
				CLANG_WARN_COMMA = YES;
				CLANG_WARN_CONSTANT_CONVERSION = YES;
				CLANG_WARN_DEPRECATED_OBJC_IMPLEMENTATIONS = YES;
				CLANG_WARN_DIRECT_OBJC_ISA_USAGE = YES_ERROR;
				CLANG_WARN_DOCUMENTATION_COMMENTS = YES;
				CLANG_WARN_EMPTY_BODY = YES;
				CLANG_WARN_ENUM_CONVERSION = YES;
				CLANG_WARN_INFINITE_RECURSION = YES;
				CLANG_WARN_INT_CONVERSION = YES;
				CLANG_WARN_NON_LITERAL_NULL_CONVERSION = YES;
				CLANG_WARN_OBJC_IMPLICIT_RETAIN_SELF = YES;
				CLANG_WARN_OBJC_LITERAL_CONVERSION = YES;
				CLANG_WARN_OBJC_ROOT_CLASS = YES_ERROR;
				CLANG_WARN_QUOTED_INCLUDE_IN_FRAMEWORK_HEADER = YES;
				CLANG_WARN_RANGE_LOOP_ANALYSIS = YES;
				CLANG_WARN_STRICT_PROTOTYPES = YES;
				CLANG_WARN_SUSPICIOUS_MOVE = YES;
				CLANG_WARN_UNGUARDED_AVAILABILITY = YES_AGGRESSIVE;
				CLANG_WARN_UNREACHABLE_CODE = YES;
				CLANG_WARN__DUPLICATE_METHOD_MATCH = YES;
				COPY_PHASE_STRIP = NO;
				DEBUG_INFORMATION_FORMAT = dwarf;
				ENABLE_STRICT_OBJC_MSGSEND = YES;
				ENABLE_TESTABILITY = YES;
				GCC_C_LANGUAGE_STANDARD = gnu11;
				GCC_DYNAMIC_NO_PIC = NO;
				GCC_NO_COMMON_BLOCKS = YES;
				GCC_OPTIMIZATION_LEVEL = 0;
				GCC_PREPROCESSOR_DEFINITIONS = (
					"DEBUG=1",
					"$(inherited)",
				);
				GCC_WARN_64_TO_32_BIT_CONVERSION = YES;
				GCC_WARN_ABOUT_RETURN_TYPE = YES_ERROR;
				GCC_WARN_UNDECLARED_SELECTOR = YES;
				GCC_WARN_UNINITIALIZED_AUTOS = YES_AGGRESSIVE;
				GCC_WARN_UNUSED_FUNCTION = YES;
				GCC_WARN_UNUSED_VARIABLE = YES;
				MTL_ENABLE_DEBUG_INFO = INCLUDE_SOURCE;
				MTL_FAST_MATH = YES;
				ONLY_ACTIVE_ARCH = YES;
				SWIFT_ACTIVE_COMPILATION_CONDITIONS = DEBUG;
				SWIFT_OPTIMIZATION_LEVEL = "-Onone";
			};
			name = Debug;
		};
		1F38729025D06877000DCCD8 /* Release */ = {
			isa = XCBuildConfiguration;
			buildSettings = {
				ALWAYS_SEARCH_USER_PATHS = NO;
				CLANG_ANALYZER_NONNULL = YES;
				CLANG_ANALYZER_NUMBER_OBJECT_CONVERSION = YES_AGGRESSIVE;
				CLANG_CXX_LANGUAGE_STANDARD = "gnu++14";
				CLANG_CXX_LIBRARY = "libc++";
				CLANG_ENABLE_MODULES = YES;
				CLANG_ENABLE_OBJC_ARC = YES;
				CLANG_ENABLE_OBJC_WEAK = YES;
				CLANG_WARN_BLOCK_CAPTURE_AUTORELEASING = YES;
				CLANG_WARN_BOOL_CONVERSION = YES;
				CLANG_WARN_COMMA = YES;
				CLANG_WARN_CONSTANT_CONVERSION = YES;
				CLANG_WARN_DEPRECATED_OBJC_IMPLEMENTATIONS = YES;
				CLANG_WARN_DIRECT_OBJC_ISA_USAGE = YES_ERROR;
				CLANG_WARN_DOCUMENTATION_COMMENTS = YES;
				CLANG_WARN_EMPTY_BODY = YES;
				CLANG_WARN_ENUM_CONVERSION = YES;
				CLANG_WARN_INFINITE_RECURSION = YES;
				CLANG_WARN_INT_CONVERSION = YES;
				CLANG_WARN_NON_LITERAL_NULL_CONVERSION = YES;
				CLANG_WARN_OBJC_IMPLICIT_RETAIN_SELF = YES;
				CLANG_WARN_OBJC_LITERAL_CONVERSION = YES;
				CLANG_WARN_OBJC_ROOT_CLASS = YES_ERROR;
				CLANG_WARN_QUOTED_INCLUDE_IN_FRAMEWORK_HEADER = YES;
				CLANG_WARN_RANGE_LOOP_ANALYSIS = YES;
				CLANG_WARN_STRICT_PROTOTYPES = YES;
				CLANG_WARN_SUSPICIOUS_MOVE = YES;
				CLANG_WARN_UNGUARDED_AVAILABILITY = YES_AGGRESSIVE;
				CLANG_WARN_UNREACHABLE_CODE = YES;
				CLANG_WARN__DUPLICATE_METHOD_MATCH = YES;
				COPY_PHASE_STRIP = NO;
				DEBUG_INFORMATION_FORMAT = "dwarf-with-dsym";
				ENABLE_NS_ASSERTIONS = NO;
				ENABLE_STRICT_OBJC_MSGSEND = YES;
				GCC_C_LANGUAGE_STANDARD = gnu11;
				GCC_NO_COMMON_BLOCKS = YES;
				GCC_WARN_64_TO_32_BIT_CONVERSION = YES;
				GCC_WARN_ABOUT_RETURN_TYPE = YES_ERROR;
				GCC_WARN_UNDECLARED_SELECTOR = YES;
				GCC_WARN_UNINITIALIZED_AUTOS = YES_AGGRESSIVE;
				GCC_WARN_UNUSED_FUNCTION = YES;
				GCC_WARN_UNUSED_VARIABLE = YES;
				MTL_ENABLE_DEBUG_INFO = NO;
				MTL_FAST_MATH = YES;
				SWIFT_COMPILATION_MODE = wholemodule;
				SWIFT_OPTIMIZATION_LEVEL = "-O";
			};
			name = Release;
		};
		1F38729225D06877000DCCD8 /* Debug */ = {
			isa = XCBuildConfiguration;
			buildSettings = {
				ASSETCATALOG_COMPILER_APPICON_NAME = AppIcon;
				ASSETCATALOG_COMPILER_GLOBAL_ACCENT_COLOR_NAME = AccentColor;
				CODE_SIGN_STYLE = Automatic;
				ENABLE_PREVIEWS = YES;
				INFOPLIST_FILE = iOS/Info.plist;
				IPHONEOS_DEPLOYMENT_TARGET = 14.0;
				LD_RUNPATH_SEARCH_PATHS = (
					"$(inherited)",
					"@executable_path/Frameworks",
				);
				PRODUCT_BUNDLE_IDENTIFIER = arcfile.ARCViewer;
				PRODUCT_NAME = ARCViewer;
				SDKROOT = iphoneos;
				SWIFT_VERSION = 5.0;
				TARGETED_DEVICE_FAMILY = "1,2";
			};
			name = Debug;
		};
		1F38729325D06877000DCCD8 /* Release */ = {
			isa = XCBuildConfiguration;
			buildSettings = {
				ASSETCATALOG_COMPILER_APPICON_NAME = AppIcon;
				ASSETCATALOG_COMPILER_GLOBAL_ACCENT_COLOR_NAME = AccentColor;
				CODE_SIGN_STYLE = Automatic;
				ENABLE_PREVIEWS = YES;
				INFOPLIST_FILE = iOS/Info.plist;
				IPHONEOS_DEPLOYMENT_TARGET = 14.0;
				LD_RUNPATH_SEARCH_PATHS = (
					"$(inherited)",
					"@executable_path/Frameworks",
				);
				PRODUCT_BUNDLE_IDENTIFIER = arcfile.ARCViewer;
				PRODUCT_NAME = ARCViewer;
				SDKROOT = iphoneos;
				SWIFT_VERSION = 5.0;
				TARGETED_DEVICE_FAMILY = "1,2";
				VALIDATE_PRODUCT = YES;
			};
			name = Release;
		};
		1F38729525D06877000DCCD8 /* Debug */ = {
			isa = XCBuildConfiguration;
			buildSettings = {
				ASSETCATALOG_COMPILER_APPICON_NAME = AppIcon;
				ASSETCATALOG_COMPILER_GLOBAL_ACCENT_COLOR_NAME = AccentColor;
				CODE_SIGN_ENTITLEMENTS = macOS/macOS.entitlements;
				CODE_SIGN_STYLE = Automatic;
				COMBINE_HIDPI_IMAGES = YES;
				ENABLE_PREVIEWS = YES;
				INFOPLIST_FILE = macOS/Info.plist;
				LD_RUNPATH_SEARCH_PATHS = (
					"$(inherited)",
					"@executable_path/../Frameworks",
				);
				MACOSX_DEPLOYMENT_TARGET = 11.0;
				PRODUCT_BUNDLE_IDENTIFIER = arcfile.ARCViewer;
				PRODUCT_NAME = ARCViewer;
				SDKROOT = macosx;
				SWIFT_VERSION = 5.0;
			};
			name = Debug;
		};
		1F38729625D06877000DCCD8 /* Release */ = {
			isa = XCBuildConfiguration;
			buildSettings = {
				ASSETCATALOG_COMPILER_APPICON_NAME = AppIcon;
				ASSETCATALOG_COMPILER_GLOBAL_ACCENT_COLOR_NAME = AccentColor;
				CODE_SIGN_ENTITLEMENTS = macOS/macOS.entitlements;
				CODE_SIGN_STYLE = Automatic;
				COMBINE_HIDPI_IMAGES = YES;
				ENABLE_PREVIEWS = YES;
				INFOPLIST_FILE = macOS/Info.plist;
				LD_RUNPATH_SEARCH_PATHS = (
					"$(inherited)",
					"@executable_path/../Frameworks",
				);
				MACOSX_DEPLOYMENT_TARGET = 11.0;
				PRODUCT_BUNDLE_IDENTIFIER = arcfile.ARCViewer;
				PRODUCT_NAME = ARCViewer;
				SDKROOT = macosx;
				SWIFT_VERSION = 5.0;
			};
			name = Release;
		};
/* End XCBuildConfiguration section */

/* Begin XCConfigurationList section */
		1F38727425D06875000DCCD8 /* Build configuration list for PBXProject "ARCViewer" */ = {
			isa = XCConfigurationList;
			buildConfigurations = (
				1F38728F25D06877000DCCD8 /* Debug */,
				1F38729025D06877000DCCD8 /* Release */,
			);
			defaultConfigurationIsVisible = 0;
			defaultConfigurationName = Release;
		};
		1F38729125D06877000DCCD8 /* Build configuration list for PBXNativeTarget "ARCViewer (iOS)" */ = {
			isa = XCConfigurationList;
			buildConfigurations = (
				1F38729225D06877000DCCD8 /* Debug */,
				1F38729325D06877000DCCD8 /* Release */,
			);
			defaultConfigurationIsVisible = 0;
			defaultConfigurationName = Release;
		};
		1F38729425D06877000DCCD8 /* Build configuration list for PBXNativeTarget "ARCViewer (macOS)" */ = {
			isa = XCConfigurationList;
			buildConfigurations = (
				1F38729525D06877000DCCD8 /* Debug */,
				1F38729625D06877000DCCD8 /* Release */,
			);
			defaultConfigurationIsVisible = 0;
			defaultConfigurationName = Release;
		};
/* End XCConfigurationList section */

/* Begin XCRemoteSwiftPackageReference section */
		1F44CB1125D7845C00B92BA8 /* XCRemoteSwiftPackageReference "swift-protobuf" */ = {
			isa = XCRemoteSwiftPackageReference;
			repositoryURL = "https://github.com/apple/swift-protobuf.git";
			requirement = {
				branch = main;
				kind = branch;
			};
		};
		1F44CB2025D866B200B92BA8 /* XCRemoteSwiftPackageReference "flatbuffers-swift" */ = {
			isa = XCRemoteSwiftPackageReference;
			repositoryURL = "https://github.com/arcturus-industries/flatbuffers-swift.git";
			requirement = {
				branch = main;
				kind = branch;
			};
		};
/* End XCRemoteSwiftPackageReference section */

/* Begin XCSwiftPackageProductDependency section */
		1F44CB1225D7845C00B92BA8 /* SwiftProtobuf */ = {
			isa = XCSwiftPackageProductDependency;
			package = 1F44CB1125D7845C00B92BA8 /* XCRemoteSwiftPackageReference "swift-protobuf" */;
			productName = SwiftProtobuf;
		};
		1F44CB2125D866B300B92BA8 /* FlatBuffers */ = {
			isa = XCSwiftPackageProductDependency;
			package = 1F44CB2025D866B200B92BA8 /* XCRemoteSwiftPackageReference "flatbuffers-swift" */;
			productName = FlatBuffers;
		};
/* End XCSwiftPackageProductDependency section */
	};
	rootObject = 1F38727125D06875000DCCD8 /* Project object */;
}
